// !$*UTF8*$!
{
	archiveVersion = 1;
	classes = {
	};
	objectVersion = 46;
	objects = {

/* Begin PBXBuildFile section */
		CCF9E1971C17336F008EE500 /* main.m in Sources */ = {isa = PBXBuildFile; fileRef = CCF9E1961C17336F008EE500 /* main.m */; };
		CCF9E19A1C17336F008EE500 /* AppDelegate.m in Sources */ = {isa = PBXBuildFile; fileRef = CCF9E1991C17336F008EE500 /* AppDelegate.m */; };
		CCF9E19D1C17336F008EE500 /* ViewController.m in Sources */ = {isa = PBXBuildFile; fileRef = CCF9E19C1C17336F008EE500 /* ViewController.m */; };
		CCF9E1A01C173370008EE500 /* Main.storyboard in Resources */ = {isa = PBXBuildFile; fileRef = CCF9E19E1C173370008EE500 /* Main.storyboard */; };
		CCF9E1A21C173370008EE500 /* Assets.xcassets in Resources */ = {isa = PBXBuildFile; fileRef = CCF9E1A11C173370008EE500 /* Assets.xcassets */; };
		CCF9E1A51C173370008EE500 /* LaunchScreen.storyboard in Resources */ = {isa = PBXBuildFile; fileRef = CCF9E1A31C173370008EE500 /* LaunchScreen.storyboard */; };
/* End PBXBuildFile section */

/* Begin PBXFileReference section */
		CCF9E1921C17336F008EE500 /* Yasman.app */ = {isa = PBXFileReference; explicitFileType = wrapper.application; includeInIndex = 0; path = Yasman.app; sourceTree = BUILT_PRODUCTS_DIR; };
		CCF9E1961C17336F008EE500 /* main.m */ = {isa = PBXFileReference; lastKnownFileType = sourcecode.c.objc; path = main.m; sourceTree = "<group>"; };
		CCF9E1981C17336F008EE500 /* AppDelegate.h */ = {isa = PBXFileReference; lastKnownFileType = sourcecode.c.h; path = AppDelegate.h; sourceTree = "<group>"; };
		CCF9E1991C17336F008EE500 /* AppDelegate.m */ = {isa = PBXFileReference; lastKnownFileType = sourcecode.c.objc; path = AppDelegate.m; sourceTree = "<group>"; };
		CCF9E19B1C17336F008EE500 /* ViewController.h */ = {isa = PBXFileReference; lastKnownFileType = sourcecode.c.h; path = ViewController.h; sourceTree = "<group>"; };
		CCF9E19C1C17336F008EE500 /* ViewController.m */ = {isa = PBXFileReference; lastKnownFileType = sourcecode.c.objc; path = ViewController.m; sourceTree = "<group>"; };
		CCF9E19F1C173370008EE500 /* Base */ = {isa = PBXFileReference; lastKnownFileType = file.storyboard; name = Base; path = Base.lproj/Main.storyboard; sourceTree = "<group>"; };
		CCF9E1A11C173370008EE500 /* Assets.xcassets */ = {isa = PBXFileReference; lastKnownFileType = folder.assetcatalog; path = Assets.xcassets; sourceTree = "<group>"; };
		CCF9E1A41C173370008EE500 /* Base */ = {isa = PBXFileReference; lastKnownFileType = file.storyboard; name = Base; path = Base.lproj/LaunchScreen.storyboard; sourceTree = "<group>"; };
		CCF9E1A61C173370008EE500 /* Info.plist */ = {isa = PBXFileReference; lastKnownFileType = text.plist.xml; path = Info.plist; sourceTree = "<group>"; };
/* End PBXFileReference section */

/* Begin PBXFrameworksBuildPhase section */
		CCF9E18F1C17336F008EE500 /* Frameworks */ = {
			isa = PBXFrameworksBuildPhase;
			buildActionMask = 2147483647;
			files = (
			);
			runOnlyForDeploymentPostprocessing = 0;
		};
/* End PBXFrameworksBuildPhase section */

/* Begin PBXGroup section */
		CCF9E1891C17336F008EE500 = {
			isa = PBXGroup;
			children = (
				CCF9E1941C17336F008EE500 /* Yasman */,
				CCF9E1931C17336F008EE500 /* Products */,
			);
			sourceTree = "<group>";
		};
		CCF9E1931C17336F008EE500 /* Products */ = {
			isa = PBXGroup;
			children = (
				CCF9E1921C17336F008EE500 /* Yasman.app */,
			);
			name = Products;
			sourceTree = "<group>";
		};
		CCF9E1941C17336F008EE500 /* Yasman */ = {
			isa = PBXGroup;
			children = (
				CCF9E1981C17336F008EE500 /* AppDelegate.h */,
				CCF9E1991C17336F008EE500 /* AppDelegate.m */,
				CCF9E19B1C17336F008EE500 /* ViewController.h */,
				CCF9E19C1C17336F008EE500 /* ViewController.m */,
				CCF9E19E1C173370008EE500 /* Main.storyboard */,
				CCF9E1A11C173370008EE500 /* Assets.xcassets */,
				CCF9E1A31C173370008EE500 /* LaunchScreen.storyboard */,
				CCF9E1A61C173370008EE500 /* Info.plist */,
				CCF9E1951C17336F008EE500 /* Supporting Files */,
			);
			path = Yasman;
			sourceTree = "<group>";
		};
		CCF9E1951C17336F008EE500 /* Supporting Files */ = {
			isa = PBXGroup;
			children = (
				CCF9E1961C17336F008EE500 /* main.m */,
			);
			name = "Supporting Files";
			sourceTree = "<group>";
		};
/* End PBXGroup section */

/* Begin PBXNativeTarget section */
		CCF9E1911C17336F008EE500 /* Yasman */ = {
			isa = PBXNativeTarget;
			buildConfigurationList = CCF9E1A91C173370008EE500 /* Build configuration list for PBXNativeTarget "Yasman" */;
			buildPhases = (
				CCF9E18E1C17336F008EE500 /* Sources */,
				CCF9E18F1C17336F008EE500 /* Frameworks */,
				CCF9E1901C17336F008EE500 /* Resources */,
			);
			buildRules = (
			);
			dependencies = (
			);
			name = Yasman;
			productName = Yasman;
			productReference = CCF9E1921C17336F008EE500 /* Yasman.app */;
			productType = "com.apple.product-type.application";
		};
/* End PBXNativeTarget section */

/* Begin PBXProject section */
		CCF9E18A1C17336F008EE500 /* Project object */ = {
			isa = PBXProject;
			attributes = {
				KnownAssetTags = (
					Button_No,
				);
				LastUpgradeCheck = 0710;
				ORGANIZATIONNAME = Yasmin;
				TargetAttributes = {
					CCF9E1911C17336F008EE500 = {
						CreatedOnToolsVersion = 7.1.1;
					};
				};
			};
			buildConfigurationList = CCF9E18D1C17336F008EE500 /* Build configuration list for PBXProject "Yasman" */;
			compatibilityVersion = "Xcode 3.2";
			developmentRegion = English;
			hasScannedForEncodings = 0;
			knownRegions = (
				en,
				Base,
			);
			mainGroup = CCF9E1891C17336F008EE500;
			productRefGroup = CCF9E1931C17336F008EE500 /* Products */;
			projectDirPath = "";
			projectRoot = "";
			targets = (
				CCF9E1911C17336F008EE500 /* Yasman */,
			);
		};
/* End PBXProject section */

/* Begin PBXResourcesBuildPhase section */
		CCF9E1901C17336F008EE500 /* Resources */ = {
			isa = PBXResourcesBuildPhase;
			buildActionMask = 2147483647;
			files = (
				CCF9E1A51C173370008EE500 /* LaunchScreen.storyboard in Resources */,
				CCF9E1A21C173370008EE500 /* Assets.xcassets in Resources */,
				CCF9E1A01C173370008EE500 /* Main.storyboard in Resources */,
			);
			runOnlyForDeploymentPostprocessing = 0;
		};
/* End PBXResourcesBuildPhase section */

/* Begin PBXSourcesBuildPhase section */
		CCF9E18E1C17336F008EE500 /* Sources */ = {
			isa = PBXSourcesBuildPhase;
			buildActionMask = 2147483647;
			files = (
				CCF9E19D1C17336F008EE500 /* ViewController.m in Sources */,
				CCF9E19A1C17336F008EE500 /* AppDelegate.m in Sources */,
				CCF9E1971C17336F008EE500 /* main.m in Sources */,
			);
			runOnlyForDeploymentPostprocessing = 0;
		};
/* End PBXSourcesBuildPhase section */

/* Begin PBXVariantGroup section */
		CCF9E19E1C173370008EE500 /* Main.storyboard */ = {
			isa = PBXVariantGroup;
			children = (
				CCF9E19F1C173370008EE500 /* Base */,
			);
			name = Main.storyboard;
			sourceTree = "<group>";
		};
		CCF9E1A31C173370008EE500 /* LaunchScreen.storyboard */ = {
			isa = PBXVariantGroup;
			children = (
				CCF9E1A41C173370008EE500 /* Base */,
			);
			name = LaunchScreen.storyboard;
			sourceTree = "<group>";
		};
/* End PBXVariantGroup section */

/* Begin XCBuildConfiguration section */
		CCF9E1A71C173370008EE500 /* Debug */ = {
			isa = XCBuildConfiguration;
			buildSettings = {
				ALWAYS_SEARCH_USER_PATHS = NO;
				CLANG_CXX_LANGUAGE_STANDARD = "gnu++0x";
				CLANG_CXX_LIBRARY = "libc++";
				CLANG_ENABLE_MODULES = YES;
				CLANG_ENABLE_OBJC_ARC = YES;
				CLANG_WARN_BOOL_CONVERSION = YES;
				CLANG_WARN_CONSTANT_CONVERSION = YES;
				CLANG_WARN_DIRECT_OBJC_ISA_USAGE = YES_ERROR;
				CLANG_WARN_EMPTY_BODY = YES;
				CLANG_WARN_ENUM_CONVERSION = YES;
				CLANG_WARN_INT_CONVERSION = YES;
				CLANG_WARN_OBJC_ROOT_CLASS = YES_ERROR;
				CLANG_WARN_UNREACHABLE_CODE = YES;
				CLANG_WARN__DUPLICATE_METHOD_MATCH = YES;
				"CODE_SIGN_IDENTITY[sdk=iphoneos*]" = "iPhone Developer";
				COPY_PHASE_STRIP = NO;
				DEBUG_INFORMATION_FORMAT = dwarf;
				ENABLE_STRICT_OBJC_MSGSEND = YES;
				ENABLE_TESTABILITY = YES;
				GCC_C_LANGUAGE_STANDARD = gnu99;
				GCC_DYNAMIC_NO_PIC = NO;
				GCC_NO_COMMON_BLOCKS = YES;
				GCC_OPTIMIZATION_LEVEL = 0;
				GCC_PREPROCESSOR_DEFINITIONS = (
					"DEBUG=1",
					"$(inherited)",
				);
				GCC_WARN_64_TO_32_BIT_CONVERSION = YES;
				GCC_WARN_ABOUT_RETURN_TYPE = YES_ERROR;
				GCC_WARN_UNDECLARED_SELECTOR = YES;
				GCC_WARN_UNINITIALIZED_AUTOS = YES_AGGRESSIVE;
				GCC_WARN_UNUSED_FUNCTION = YES;
				GCC_WARN_UNUSED_VARIABLE = YES;
				IPHONEOS_DEPLOYMENT_TARGET = 9.1;
				MTL_ENABLE_DEBUG_INFO = YES;
				ONLY_ACTIVE_ARCH = YES;
				SDKROOT = iphoneos;
			};
			name = Debug;
		};
		CCF9E1A81C173370008EE500 /* Release */ = {
			isa = XCBuildConfiguration;
			buildSettings = {
				ALWAYS_SEARCH_USER_PATHS = NO;
				CLANG_CXX_LANGUAGE_STANDARD = "gnu++0x";
				CLANG_CXX_LIBRARY = "libc++";
				CLANG_ENABLE_MODULES = YES;
				CLANG_ENABLE_OBJC_ARC = YES;
				CLANG_WARN_BOOL_CONVERSION = YES;
				CLANG_WARN_CONSTANT_CONVERSION = YES;
				CLANG_WARN_DIRECT_OBJC_ISA_USAGE = YES_ERROR;
				CLANG_WARN_EMPTY_BODY = YES;
				CLANG_WARN_ENUM_CONVERSION = YES;
				CLANG_WARN_INT_CONVERSION = YES;
				CLANG_WARN_OBJC_ROOT_CLASS = YES_ERROR;
				CLANG_WARN_UNREACHABLE_CODE = YES;
				CLANG_WARN__DUPLICATE_METHOD_MATCH = YES;
				"CODE_SIGN_IDENTITY[sdk=iphoneos*]" = "iPhone Developer";
				COPY_PHASE_STRIP = NO;
				DEBUG_INFORMATION_FORMAT = "dwarf-with-dsym";
				ENABLE_NS_ASSERTIONS = NO;
				ENABLE_STRICT_OBJC_MSGSEND = YES;
				GCC_C_LANGUAGE_STANDARD = gnu99;
				GCC_NO_COMMON_BLOCKS = YES;
				GCC_WARN_64_TO_32_BIT_CONVERSION = YES;
				GCC_WARN_ABOUT_RETURN_TYPE = YES_ERROR;
				GCC_WARN_UNDECLARED_SELECTOR = YES;
				GCC_WARN_UNINITIALIZED_AUTOS = YES_AGGRESSIVE;
				GCC_WARN_UNUSED_FUNCTION = YES;
				GCC_WARN_UNUSED_VARIABLE = YES;
				IPHONEOS_DEPLOYMENT_TARGET = 9.1;
				MTL_ENABLE_DEBUG_INFO = NO;
				SDKROOT = iphoneos;
				VALIDATE_PRODUCT = YES;
			};
			name = Release;
		};
		CCF9E1AA1C173370008EE500 /* Debug */ = {
			isa = XCBuildConfiguration;
			buildSettings = {
				ASSETCATALOG_COMPILER_APPICON_NAME = AppIcon;
				INFOPLIST_FILE = Yasman/Info.plist;
				LD_RUNPATH_SEARCH_PATHS = "$(inherited) @executable_path/Frameworks";
				PRODUCT_BUNDLE_IDENTIFIER = se.yasminlindholm.Yasman;
				PRODUCT_NAME = "$(TARGET_NAME)";
			};
			name = Debug;
		};
		CCF9E1AB1C173370008EE500 /* Release */ = {
			isa = XCBuildConfiguration;
			buildSettings = {
				ASSETCATALOG_COMPILER_APPICON_NAME = AppIcon;
				INFOPLIST_FILE = Yasman/Info.plist;
				LD_RUNPATH_SEARCH_PATHS = "$(inherited) @executable_path/Frameworks";
				PRODUCT_BUNDLE_IDENTIFIER = se.yasminlindholm.Yasman;
				PRODUCT_NAME = "$(TARGET_NAME)";
			};
			name = Release;
		};
/* End XCBuildConfiguration section */

/* Begin XCConfigurationList section */
		CCF9E18D1C17336F008EE500 /* Build configuration list for PBXProject "Yasman" */ = {
			isa = XCConfigurationList;
			buildConfigurations = (
				CCF9E1A71C173370008EE500 /* Debug */,
				CCF9E1A81C173370008EE500 /* Release */,
			);
			defaultConfigurationIsVisible = 0;
			defaultConfigurationName = Release;
		};
		CCF9E1A91C173370008EE500 /* Build configuration list for PBXNativeTarget "Yasman" */ = {
			isa = XCConfigurationList;
			buildConfigurations = (
				CCF9E1AA1C173370008EE500 /* Debug */,
				CCF9E1AB1C173370008EE500 /* Release */,
			);
			defaultConfigurationIsVisible = 0;
		};
/* End XCConfigurationList section */
	};
	rootObject = CCF9E18A1C17336F008EE500 /* Project object */;
}
